// !$*UTF8*$!
{
	archiveVersion = 1;
	classes = {
	};
	objectVersion = 52;
	objects = {

/* Begin PBXBuildFile section */
		4C1EE6552411687D000EBAC1 /* ClockUpdate.swift in Sources */ = {isa = PBXBuildFile; fileRef = 4C1EE6542411687D000EBAC1 /* ClockUpdate.swift */; };
		4C23B77523D6060B007CAA55 /* AppDelegate.swift in Sources */ = {isa = PBXBuildFile; fileRef = 4C23B77423D6060B007CAA55 /* AppDelegate.swift */; };
		4C23B77923D6060B007CAA55 /* HomeViewController.swift in Sources */ = {isa = PBXBuildFile; fileRef = 4C23B77823D6060B007CAA55 /* HomeViewController.swift */; };
		4C23B77C23D6060B007CAA55 /* Main.storyboard in Resources */ = {isa = PBXBuildFile; fileRef = 4C23B77A23D6060B007CAA55 /* Main.storyboard */; };
		4C23B77F23D6060B007CAA55 /* LaTAR_iOS.xcdatamodeld in Sources */ = {isa = PBXBuildFile; fileRef = 4C23B77D23D6060B007CAA55 /* LaTAR_iOS.xcdatamodeld */; };
		4C23B78123D6060D007CAA55 /* Assets.xcassets in Resources */ = {isa = PBXBuildFile; fileRef = 4C23B78023D6060D007CAA55 /* Assets.xcassets */; };
		4C23B78423D6060D007CAA55 /* LaunchScreen.storyboard in Resources */ = {isa = PBXBuildFile; fileRef = 4C23B78223D6060D007CAA55 /* LaunchScreen.storyboard */; };
		4C23B78E23D608D6007CAA55 /* TapLatencyViewController.swift in Sources */ = {isa = PBXBuildFile; fileRef = 4C23B78C23D608D6007CAA55 /* TapLatencyViewController.swift */; };
		4C23B79323D6097E007CAA55 /* LALogging.swift in Sources */ = {isa = PBXBuildFile; fileRef = 4C23B79223D6097E007CAA55 /* LALogging.swift */; };
		4C23B79623D60EC1007CAA55 /* LATouch.swift in Sources */ = {isa = PBXBuildFile; fileRef = 4C23B79523D60EC1007CAA55 /* LATouch.swift */; };
		4C23B7A223D61CE6007CAA55 /* SocketRequest.swift in Sources */ = {isa = PBXBuildFile; fileRef = 4C23B79D23D61CE5007CAA55 /* SocketRequest.swift */; };
		4C23B7A323D61CE6007CAA55 /* LaTARSocket.swift in Sources */ = {isa = PBXBuildFile; fileRef = 4C23B79E23D61CE5007CAA55 /* LaTARSocket.swift */; };
		4C23B7A423D61CE6007CAA55 /* SocketResponse.swift in Sources */ = {isa = PBXBuildFile; fileRef = 4C23B79F23D61CE5007CAA55 /* SocketResponse.swift */; };
		4C23B7A523D61CE6007CAA55 /* SocketEnums.swift in Sources */ = {isa = PBXBuildFile; fileRef = 4C23B7A023D61CE6007CAA55 /* SocketEnums.swift */; };
		4C23B7B123D61F9E007CAA55 /* Socket in Frameworks */ = {isa = PBXBuildFile; productRef = 4C23B7B023D61F9E007CAA55 /* Socket */; };
		4C23B7B523D63078007CAA55 /* Data+Hex.swift in Sources */ = {isa = PBXBuildFile; fileRef = 4C23B7B423D63078007CAA55 /* Data+Hex.swift */; };
		4C23B7B723D646FC007CAA55 /* LADeviceInfo.swift in Sources */ = {isa = PBXBuildFile; fileRef = 4C23B7B623D646FC007CAA55 /* LADeviceInfo.swift */; };
		4C2A6BC223D8B6AC00D45466 /* DisplayLatencyViewController.swift in Sources */ = {isa = PBXBuildFile; fileRef = 4C2A6BC123D8B6AC00D45466 /* DisplayLatencyViewController.swift */; };
		4C3D3F7C23FE116C00B0BDB6 /* LAScreenAction.swift in Sources */ = {isa = PBXBuildFile; fileRef = 4C3D3F7B23FE116C00B0BDB6 /* LAScreenAction.swift */; };
		4C637ED024058F7700C139F9 /* DeviceClock.swift in Sources */ = {isa = PBXBuildFile; fileRef = 4C637ECF24058F7700C139F9 /* DeviceClock.swift */; };
		4C882D6C2465C255007234DA /* LATouchCalibrationData.swift in Sources */ = {isa = PBXBuildFile; fileRef = 4C882D6B2465C255007234DA /* LATouchCalibrationData.swift */; };
		4CC0820824649A4800489D12 /* DisplayCalibrationViewController.swift in Sources */ = {isa = PBXBuildFile; fileRef = 4CC0820624649A4800489D12 /* DisplayCalibrationViewController.swift */; };
		4CC0820924649A4800489D12 /* DisplayCalibrationViewController.xib in Resources */ = {isa = PBXBuildFile; fileRef = 4CC0820724649A4800489D12 /* DisplayCalibrationViewController.xib */; };
		4CC0820C24649A5700489D12 /* TouchCalibrationViewController.swift in Sources */ = {isa = PBXBuildFile; fileRef = 4CC0820A24649A5700489D12 /* TouchCalibrationViewController.swift */; };
		4CC0820D24649A5700489D12 /* TouchCalibrationViewController.xib in Resources */ = {isa = PBXBuildFile; fileRef = 4CC0820B24649A5700489D12 /* TouchCalibrationViewController.xib */; };
		4CC0820F24649E1200489D12 /* LatarViewController.swift in Sources */ = {isa = PBXBuildFile; fileRef = 4CC0820E24649E1200489D12 /* LatarViewController.swift */; };
		4CFB280223D8E3AF00D1EE5A /* TapLatencyViewController.xib in Resources */ = {isa = PBXBuildFile; fileRef = 4CFB280123D8E3AF00D1EE5A /* TapLatencyViewController.xib */; };
		4CFB280423D8E3C900D1EE5A /* DisplayLatencyViewController.xib in Resources */ = {isa = PBXBuildFile; fileRef = 4CFB280323D8E3C900D1EE5A /* DisplayLatencyViewController.xib */; };
/* End PBXBuildFile section */

/* Begin PBXFileReference section */
		4C1EE6542411687D000EBAC1 /* ClockUpdate.swift */ = {isa = PBXFileReference; lastKnownFileType = sourcecode.swift; path = ClockUpdate.swift; sourceTree = "<group>"; };
		4C23B77123D6060B007CAA55 /* LaTAR iOS.app */ = {isa = PBXFileReference; explicitFileType = wrapper.application; includeInIndex = 0; path = "LaTAR iOS.app"; sourceTree = BUILT_PRODUCTS_DIR; };
		4C23B77423D6060B007CAA55 /* AppDelegate.swift */ = {isa = PBXFileReference; lastKnownFileType = sourcecode.swift; path = AppDelegate.swift; sourceTree = "<group>"; };
		4C23B77823D6060B007CAA55 /* HomeViewController.swift */ = {isa = PBXFileReference; lastKnownFileType = sourcecode.swift; path = HomeViewController.swift; sourceTree = "<group>"; };
		4C23B77B23D6060B007CAA55 /* Base */ = {isa = PBXFileReference; lastKnownFileType = file.storyboard; name = Base; path = Base.lproj/Main.storyboard; sourceTree = "<group>"; };
		4C23B77E23D6060B007CAA55 /* LaTAR_iOS.xcdatamodel */ = {isa = PBXFileReference; lastKnownFileType = wrapper.xcdatamodel; path = LaTAR_iOS.xcdatamodel; sourceTree = "<group>"; };
		4C23B78023D6060D007CAA55 /* Assets.xcassets */ = {isa = PBXFileReference; lastKnownFileType = folder.assetcatalog; path = Assets.xcassets; sourceTree = "<group>"; };
		4C23B78323D6060D007CAA55 /* Base */ = {isa = PBXFileReference; lastKnownFileType = file.storyboard; name = Base; path = Base.lproj/LaunchScreen.storyboard; sourceTree = "<group>"; };
		4C23B78523D6060D007CAA55 /* Info.plist */ = {isa = PBXFileReference; lastKnownFileType = text.plist.xml; path = Info.plist; sourceTree = "<group>"; };
		4C23B78C23D608D6007CAA55 /* TapLatencyViewController.swift */ = {isa = PBXFileReference; lastKnownFileType = sourcecode.swift; path = TapLatencyViewController.swift; sourceTree = "<group>"; };
		4C23B79223D6097E007CAA55 /* LALogging.swift */ = {isa = PBXFileReference; lastKnownFileType = sourcecode.swift; path = LALogging.swift; sourceTree = "<group>"; };
		4C23B79523D60EC1007CAA55 /* LATouch.swift */ = {isa = PBXFileReference; lastKnownFileType = sourcecode.swift; path = LATouch.swift; sourceTree = "<group>"; };
		4C23B79D23D61CE5007CAA55 /* SocketRequest.swift */ = {isa = PBXFileReference; fileEncoding = 4; lastKnownFileType = sourcecode.swift; path = SocketRequest.swift; sourceTree = "<group>"; };
		4C23B79E23D61CE5007CAA55 /* LaTARSocket.swift */ = {isa = PBXFileReference; fileEncoding = 4; lastKnownFileType = sourcecode.swift; path = LaTARSocket.swift; sourceTree = "<group>"; };
		4C23B79F23D61CE5007CAA55 /* SocketResponse.swift */ = {isa = PBXFileReference; fileEncoding = 4; lastKnownFileType = sourcecode.swift; path = SocketResponse.swift; sourceTree = "<group>"; };
		4C23B7A023D61CE6007CAA55 /* SocketEnums.swift */ = {isa = PBXFileReference; fileEncoding = 4; lastKnownFileType = sourcecode.swift; path = SocketEnums.swift; sourceTree = "<group>"; };
		4C23B7B423D63078007CAA55 /* Data+Hex.swift */ = {isa = PBXFileReference; lastKnownFileType = sourcecode.swift; path = "Data+Hex.swift"; sourceTree = "<group>"; };
		4C23B7B623D646FC007CAA55 /* LADeviceInfo.swift */ = {isa = PBXFileReference; fileEncoding = 4; lastKnownFileType = sourcecode.swift; path = LADeviceInfo.swift; sourceTree = "<group>"; };
		4C2A6BC123D8B6AC00D45466 /* DisplayLatencyViewController.swift */ = {isa = PBXFileReference; lastKnownFileType = sourcecode.swift; path = DisplayLatencyViewController.swift; sourceTree = "<group>"; };
		4C3D3F7B23FE116C00B0BDB6 /* LAScreenAction.swift */ = {isa = PBXFileReference; lastKnownFileType = sourcecode.swift; path = LAScreenAction.swift; sourceTree = "<group>"; };
		4C637ECF24058F7700C139F9 /* DeviceClock.swift */ = {isa = PBXFileReference; lastKnownFileType = sourcecode.swift; path = DeviceClock.swift; sourceTree = "<group>"; };
		4C882D6B2465C255007234DA /* LATouchCalibrationData.swift */ = {isa = PBXFileReference; lastKnownFileType = sourcecode.swift; path = LATouchCalibrationData.swift; sourceTree = "<group>"; };
		4CC0820624649A4800489D12 /* DisplayCalibrationViewController.swift */ = {isa = PBXFileReference; lastKnownFileType = sourcecode.swift; path = DisplayCalibrationViewController.swift; sourceTree = "<group>"; };
		4CC0820724649A4800489D12 /* DisplayCalibrationViewController.xib */ = {isa = PBXFileReference; lastKnownFileType = file.xib; path = DisplayCalibrationViewController.xib; sourceTree = "<group>"; };
		4CC0820A24649A5700489D12 /* TouchCalibrationViewController.swift */ = {isa = PBXFileReference; lastKnownFileType = sourcecode.swift; path = TouchCalibrationViewController.swift; sourceTree = "<group>"; };
		4CC0820B24649A5700489D12 /* TouchCalibrationViewController.xib */ = {isa = PBXFileReference; lastKnownFileType = file.xib; path = TouchCalibrationViewController.xib; sourceTree = "<group>"; };
		4CC0820E24649E1200489D12 /* LatarViewController.swift */ = {isa = PBXFileReference; lastKnownFileType = sourcecode.swift; path = LatarViewController.swift; sourceTree = "<group>"; };
		4CFB280123D8E3AF00D1EE5A /* TapLatencyViewController.xib */ = {isa = PBXFileReference; lastKnownFileType = file.xib; path = TapLatencyViewController.xib; sourceTree = "<group>"; };
		4CFB280323D8E3C900D1EE5A /* DisplayLatencyViewController.xib */ = {isa = PBXFileReference; lastKnownFileType = file.xib; path = DisplayLatencyViewController.xib; sourceTree = "<group>"; };
/* End PBXFileReference section */

/* Begin PBXFrameworksBuildPhase section */
		4C23B76E23D6060B007CAA55 /* Frameworks */ = {
			isa = PBXFrameworksBuildPhase;
			buildActionMask = 2147483647;
			files = (
				4C23B7B123D61F9E007CAA55 /* Socket in Frameworks */,
			);
			runOnlyForDeploymentPostprocessing = 0;
		};
/* End PBXFrameworksBuildPhase section */

/* Begin PBXGroup section */
		4C23B76823D6060B007CAA55 = {
			isa = PBXGroup;
			children = (
				4C23B77323D6060B007CAA55 /* LaTAR iOS */,
				4C23B77223D6060B007CAA55 /* Products */,
			);
			sourceTree = "<group>";
		};
		4C23B77223D6060B007CAA55 /* Products */ = {
			isa = PBXGroup;
			children = (
				4C23B77123D6060B007CAA55 /* LaTAR iOS.app */,
			);
			name = Products;
			sourceTree = "<group>";
		};
		4C23B77323D6060B007CAA55 /* LaTAR iOS */ = {
			isa = PBXGroup;
			children = (
				4C23B78B23D608B0007CAA55 /* Tap Latency */,
				4C2A6BC023D8B69C00D45466 /* Screen Latency */,
				4C23B79B23D612B8007CAA55 /* Extensions */,
				4C23B79423D60EB4007CAA55 /* Data Models */,
				4C23B79023D60951007CAA55 /* Comm */,
				4C23B77423D6060B007CAA55 /* AppDelegate.swift */,
				4C23B77823D6060B007CAA55 /* HomeViewController.swift */,
				4C23B77A23D6060B007CAA55 /* Main.storyboard */,
				4C23B78023D6060D007CAA55 /* Assets.xcassets */,
				4C23B78223D6060D007CAA55 /* LaunchScreen.storyboard */,
				4C23B78523D6060D007CAA55 /* Info.plist */,
				4C23B77D23D6060B007CAA55 /* LaTAR_iOS.xcdatamodeld */,
				4CC0820E24649E1200489D12 /* LatarViewController.swift */,
			);
			path = "LaTAR iOS";
			sourceTree = "<group>";
		};
		4C23B78B23D608B0007CAA55 /* Tap Latency */ = {
			isa = PBXGroup;
			children = (
				4C23B78C23D608D6007CAA55 /* TapLatencyViewController.swift */,
				4CFB280123D8E3AF00D1EE5A /* TapLatencyViewController.xib */,
				4CC0820A24649A5700489D12 /* TouchCalibrationViewController.swift */,
				4CC0820B24649A5700489D12 /* TouchCalibrationViewController.xib */,
			);
			path = "Tap Latency";
			sourceTree = "<group>";
		};
		4C23B79023D60951007CAA55 /* Comm */ = {
			isa = PBXGroup;
			children = (
				4C23B79E23D61CE5007CAA55 /* LaTARSocket.swift */,
				4C23B7A023D61CE6007CAA55 /* SocketEnums.swift */,
				4C23B79D23D61CE5007CAA55 /* SocketRequest.swift */,
				4C23B79F23D61CE5007CAA55 /* SocketResponse.swift */,
				4C23B79223D6097E007CAA55 /* LALogging.swift */,
				4C637ECF24058F7700C139F9 /* DeviceClock.swift */,
				4C1EE6542411687D000EBAC1 /* ClockUpdate.swift */,
			);
			path = Comm;
			sourceTree = "<group>";
		};
		4C23B79423D60EB4007CAA55 /* Data Models */ = {
			isa = PBXGroup;
			children = (
				4C23B7B623D646FC007CAA55 /* LADeviceInfo.swift */,
				4C23B79523D60EC1007CAA55 /* LATouch.swift */,
				4C3D3F7B23FE116C00B0BDB6 /* LAScreenAction.swift */,
				4C882D6B2465C255007234DA /* LATouchCalibrationData.swift */,
			);
			path = "Data Models";
			sourceTree = "<group>";
		};
		4C23B79B23D612B8007CAA55 /* Extensions */ = {
			isa = PBXGroup;
			children = (
				4C23B7B423D63078007CAA55 /* Data+Hex.swift */,
			);
			path = Extensions;
			sourceTree = "<group>";
		};
		4C2A6BC023D8B69C00D45466 /* Screen Latency */ = {
			isa = PBXGroup;
			children = (
				4C2A6BC123D8B6AC00D45466 /* DisplayLatencyViewController.swift */,
				4CFB280323D8E3C900D1EE5A /* DisplayLatencyViewController.xib */,
				4CC0820624649A4800489D12 /* DisplayCalibrationViewController.swift */,
				4CC0820724649A4800489D12 /* DisplayCalibrationViewController.xib */,
			);
			path = "Screen Latency";
			sourceTree = "<group>";
		};
/* End PBXGroup section */

/* Begin PBXNativeTarget section */
		4C23B77023D6060B007CAA55 /* LaTAR iOS */ = {
			isa = PBXNativeTarget;
			buildConfigurationList = 4C23B78823D6060D007CAA55 /* Build configuration list for PBXNativeTarget "LaTAR iOS" */;
			buildPhases = (
				4C23B76D23D6060B007CAA55 /* Sources */,
				4C23B76E23D6060B007CAA55 /* Frameworks */,
				4C23B76F23D6060B007CAA55 /* Resources */,
			);
			buildRules = (
			);
			dependencies = (
			);
			name = "LaTAR iOS";
			packageProductDependencies = (
				4C23B7B023D61F9E007CAA55 /* Socket */,
			);
			productName = "LaTAR iOS";
			productReference = 4C23B77123D6060B007CAA55 /* LaTAR iOS.app */;
			productType = "com.apple.product-type.application";
		};
/* End PBXNativeTarget section */

/* Begin PBXProject section */
		4C23B76923D6060B007CAA55 /* Project object */ = {
			isa = PBXProject;
			attributes = {
				LastSwiftUpdateCheck = 1120;
				LastUpgradeCheck = 1120;
				ORGANIZATIONNAME = healthyMedium;
				TargetAttributes = {
					4C23B77023D6060B007CAA55 = {
						CreatedOnToolsVersion = 11.2.1;
					};
				};
			};
			buildConfigurationList = 4C23B76C23D6060B007CAA55 /* Build configuration list for PBXProject "LaTAR iOS" */;
			compatibilityVersion = "Xcode 9.3";
			developmentRegion = en;
			hasScannedForEncodings = 0;
			knownRegions = (
				en,
				Base,
			);
			mainGroup = 4C23B76823D6060B007CAA55;
			packageReferences = (
				4C23B7AF23D61F9E007CAA55 /* XCRemoteSwiftPackageReference "BlueSocket" */,
			);
			productRefGroup = 4C23B77223D6060B007CAA55 /* Products */;
			projectDirPath = "";
			projectRoot = "";
			targets = (
				4C23B77023D6060B007CAA55 /* LaTAR iOS */,
			);
		};
/* End PBXProject section */

/* Begin PBXResourcesBuildPhase section */
		4C23B76F23D6060B007CAA55 /* Resources */ = {
			isa = PBXResourcesBuildPhase;
			buildActionMask = 2147483647;
			files = (
				4CC0820924649A4800489D12 /* DisplayCalibrationViewController.xib in Resources */,
				4CC0820D24649A5700489D12 /* TouchCalibrationViewController.xib in Resources */,
				4C23B78423D6060D007CAA55 /* LaunchScreen.storyboard in Resources */,
				4CFB280223D8E3AF00D1EE5A /* TapLatencyViewController.xib in Resources */,
				4C23B78123D6060D007CAA55 /* Assets.xcassets in Resources */,
				4CFB280423D8E3C900D1EE5A /* DisplayLatencyViewController.xib in Resources */,
				4C23B77C23D6060B007CAA55 /* Main.storyboard in Resources */,
			);
			runOnlyForDeploymentPostprocessing = 0;
		};
/* End PBXResourcesBuildPhase section */

/* Begin PBXSourcesBuildPhase section */
		4C23B76D23D6060B007CAA55 /* Sources */ = {
			isa = PBXSourcesBuildPhase;
			buildActionMask = 2147483647;
			files = (
				4C23B77F23D6060B007CAA55 /* LaTAR_iOS.xcdatamodeld in Sources */,
				4C882D6C2465C255007234DA /* LATouchCalibrationData.swift in Sources */,
				4C23B79623D60EC1007CAA55 /* LATouch.swift in Sources */,
				4C23B77923D6060B007CAA55 /* HomeViewController.swift in Sources */,
				4C2A6BC223D8B6AC00D45466 /* DisplayLatencyViewController.swift in Sources */,
				4C3D3F7C23FE116C00B0BDB6 /* LAScreenAction.swift in Sources */,
				4C23B79323D6097E007CAA55 /* LALogging.swift in Sources */,
				4CC0820824649A4800489D12 /* DisplayCalibrationViewController.swift in Sources */,
				4C23B7A523D61CE6007CAA55 /* SocketEnums.swift in Sources */,
				4C23B7B523D63078007CAA55 /* Data+Hex.swift in Sources */,
				4C637ED024058F7700C139F9 /* DeviceClock.swift in Sources */,
				4C23B7A423D61CE6007CAA55 /* SocketResponse.swift in Sources */,
				4C23B78E23D608D6007CAA55 /* TapLatencyViewController.swift in Sources */,
				4C1EE6552411687D000EBAC1 /* ClockUpdate.swift in Sources */,
				4CC0820F24649E1200489D12 /* LatarViewController.swift in Sources */,
				4CC0820C24649A5700489D12 /* TouchCalibrationViewController.swift in Sources */,
				4C23B7A223D61CE6007CAA55 /* SocketRequest.swift in Sources */,
				4C23B7A323D61CE6007CAA55 /* LaTARSocket.swift in Sources */,
				4C23B7B723D646FC007CAA55 /* LADeviceInfo.swift in Sources */,
				4C23B77523D6060B007CAA55 /* AppDelegate.swift in Sources */,
			);
			runOnlyForDeploymentPostprocessing = 0;
		};
/* End PBXSourcesBuildPhase section */

/* Begin PBXVariantGroup section */
		4C23B77A23D6060B007CAA55 /* Main.storyboard */ = {
			isa = PBXVariantGroup;
			children = (
				4C23B77B23D6060B007CAA55 /* Base */,
			);
			name = Main.storyboard;
			sourceTree = "<group>";
		};
		4C23B78223D6060D007CAA55 /* LaunchScreen.storyboard */ = {
			isa = PBXVariantGroup;
			children = (
				4C23B78323D6060D007CAA55 /* Base */,
			);
			name = LaunchScreen.storyboard;
			sourceTree = "<group>";
		};
/* End PBXVariantGroup section */

/* Begin XCBuildConfiguration section */
		4C23B78623D6060D007CAA55 /* Debug */ = {
			isa = XCBuildConfiguration;
			buildSettings = {
				ALWAYS_SEARCH_USER_PATHS = NO;
				CLANG_ANALYZER_NONNULL = YES;
				CLANG_ANALYZER_NUMBER_OBJECT_CONVERSION = YES_AGGRESSIVE;
				CLANG_CXX_LANGUAGE_STANDARD = "gnu++14";
				CLANG_CXX_LIBRARY = "libc++";
				CLANG_ENABLE_MODULES = YES;
				CLANG_ENABLE_OBJC_ARC = YES;
				CLANG_ENABLE_OBJC_WEAK = YES;
				CLANG_WARN_BLOCK_CAPTURE_AUTORELEASING = YES;
				CLANG_WARN_BOOL_CONVERSION = YES;
				CLANG_WARN_COMMA = YES;
				CLANG_WARN_CONSTANT_CONVERSION = YES;
				CLANG_WARN_DEPRECATED_OBJC_IMPLEMENTATIONS = YES;
				CLANG_WARN_DIRECT_OBJC_ISA_USAGE = YES_ERROR;
				CLANG_WARN_DOCUMENTATION_COMMENTS = YES;
				CLANG_WARN_EMPTY_BODY = YES;
				CLANG_WARN_ENUM_CONVERSION = YES;
				CLANG_WARN_INFINITE_RECURSION = YES;
				CLANG_WARN_INT_CONVERSION = YES;
				CLANG_WARN_NON_LITERAL_NULL_CONVERSION = YES;
				CLANG_WARN_OBJC_IMPLICIT_RETAIN_SELF = YES;
				CLANG_WARN_OBJC_LITERAL_CONVERSION = YES;
				CLANG_WARN_OBJC_ROOT_CLASS = YES_ERROR;
				CLANG_WARN_RANGE_LOOP_ANALYSIS = YES;
				CLANG_WARN_STRICT_PROTOTYPES = YES;
				CLANG_WARN_SUSPICIOUS_MOVE = YES;
				CLANG_WARN_UNGUARDED_AVAILABILITY = YES_AGGRESSIVE;
				CLANG_WARN_UNREACHABLE_CODE = YES;
				CLANG_WARN__DUPLICATE_METHOD_MATCH = YES;
				COPY_PHASE_STRIP = NO;
				DEBUG_INFORMATION_FORMAT = dwarf;
				ENABLE_STRICT_OBJC_MSGSEND = YES;
				ENABLE_TESTABILITY = YES;
				GCC_C_LANGUAGE_STANDARD = gnu11;
				GCC_DYNAMIC_NO_PIC = NO;
				GCC_NO_COMMON_BLOCKS = YES;
				GCC_OPTIMIZATION_LEVEL = 0;
				GCC_PREPROCESSOR_DEFINITIONS = (
					"DEBUG=1",
					"$(inherited)",
				);
				GCC_WARN_64_TO_32_BIT_CONVERSION = YES;
				GCC_WARN_ABOUT_RETURN_TYPE = YES_ERROR;
				GCC_WARN_UNDECLARED_SELECTOR = YES;
				GCC_WARN_UNINITIALIZED_AUTOS = YES_AGGRESSIVE;
				GCC_WARN_UNUSED_FUNCTION = YES;
				GCC_WARN_UNUSED_VARIABLE = YES;
				IPHONEOS_DEPLOYMENT_TARGET = 11.0;
				MTL_ENABLE_DEBUG_INFO = INCLUDE_SOURCE;
				MTL_FAST_MATH = YES;
				ONLY_ACTIVE_ARCH = YES;
				SDKROOT = iphoneos;
				SWIFT_ACTIVE_COMPILATION_CONDITIONS = DEBUG;
				SWIFT_OPTIMIZATION_LEVEL = "-Onone";
			};
			name = Debug;
		};
		4C23B78723D6060D007CAA55 /* Release */ = {
			isa = XCBuildConfiguration;
			buildSettings = {
				ALWAYS_SEARCH_USER_PATHS = NO;
				CLANG_ANALYZER_NONNULL = YES;
				CLANG_ANALYZER_NUMBER_OBJECT_CONVERSION = YES_AGGRESSIVE;
				CLANG_CXX_LANGUAGE_STANDARD = "gnu++14";
				CLANG_CXX_LIBRARY = "libc++";
				CLANG_ENABLE_MODULES = YES;
				CLANG_ENABLE_OBJC_ARC = YES;
				CLANG_ENABLE_OBJC_WEAK = YES;
				CLANG_WARN_BLOCK_CAPTURE_AUTORELEASING = YES;
				CLANG_WARN_BOOL_CONVERSION = YES;
				CLANG_WARN_COMMA = YES;
				CLANG_WARN_CONSTANT_CONVERSION = YES;
				CLANG_WARN_DEPRECATED_OBJC_IMPLEMENTATIONS = YES;
				CLANG_WARN_DIRECT_OBJC_ISA_USAGE = YES_ERROR;
				CLANG_WARN_DOCUMENTATION_COMMENTS = YES;
				CLANG_WARN_EMPTY_BODY = YES;
				CLANG_WARN_ENUM_CONVERSION = YES;
				CLANG_WARN_INFINITE_RECURSION = YES;
				CLANG_WARN_INT_CONVERSION = YES;
				CLANG_WARN_NON_LITERAL_NULL_CONVERSION = YES;
				CLANG_WARN_OBJC_IMPLICIT_RETAIN_SELF = YES;
				CLANG_WARN_OBJC_LITERAL_CONVERSION = YES;
				CLANG_WARN_OBJC_ROOT_CLASS = YES_ERROR;
				CLANG_WARN_RANGE_LOOP_ANALYSIS = YES;
				CLANG_WARN_STRICT_PROTOTYPES = YES;
				CLANG_WARN_SUSPICIOUS_MOVE = YES;
				CLANG_WARN_UNGUARDED_AVAILABILITY = YES_AGGRESSIVE;
				CLANG_WARN_UNREACHABLE_CODE = YES;
				CLANG_WARN__DUPLICATE_METHOD_MATCH = YES;
				COPY_PHASE_STRIP = NO;
				DEBUG_INFORMATION_FORMAT = "dwarf-with-dsym";
				ENABLE_NS_ASSERTIONS = NO;
				ENABLE_STRICT_OBJC_MSGSEND = YES;
				GCC_C_LANGUAGE_STANDARD = gnu11;
				GCC_NO_COMMON_BLOCKS = YES;
				GCC_WARN_64_TO_32_BIT_CONVERSION = YES;
				GCC_WARN_ABOUT_RETURN_TYPE = YES_ERROR;
				GCC_WARN_UNDECLARED_SELECTOR = YES;
				GCC_WARN_UNINITIALIZED_AUTOS = YES_AGGRESSIVE;
				GCC_WARN_UNUSED_FUNCTION = YES;
				GCC_WARN_UNUSED_VARIABLE = YES;
				IPHONEOS_DEPLOYMENT_TARGET = 11.0;
				MTL_ENABLE_DEBUG_INFO = NO;
				MTL_FAST_MATH = YES;
				SDKROOT = iphoneos;
				SWIFT_COMPILATION_MODE = wholemodule;
				SWIFT_OPTIMIZATION_LEVEL = "-O";
				VALIDATE_PRODUCT = YES;
			};
			name = Release;
		};
		4C23B78923D6060D007CAA55 /* Debug */ = {
			isa = XCBuildConfiguration;
			buildSettings = {
				ASSETCATALOG_COMPILER_APPICON_NAME = AppIcon;
				CODE_SIGN_STYLE = Automatic;
				CURRENT_PROJECT_VERSION = 2;
				DEVELOPMENT_TEAM = GT94FFC924;
				FRAMEWORK_SEARCH_PATHS = (
					"$(inherited)",
					"$(PROJECT_DIR)/LaTAR\\ iOS/vendor",
					"$(PROJECT_DIR)/LaTAR\\ iOS/vendor",
					"$(PROJECT_DIR)/LaTAR\\ iOS/vendor",
					"$(PROJECT_DIR)/LaTAR\\ iOS/vendor",
				);
				INFOPLIST_FILE = "LaTAR iOS/Info.plist";
				LD_RUNPATH_SEARCH_PATHS = (
					"$(inherited)",
					"@executable_path/Frameworks",
				);
				MARKETING_VERSION = 1.0.2;
				PRODUCT_BUNDLE_IDENTIFIER = "com.healthyMedium.LaTAR-iOS";
				PRODUCT_NAME = "$(TARGET_NAME)";
				SWIFT_VERSION = 5.0;
				TARGETED_DEVICE_FAMILY = "1,2";
			};
			name = Debug;
		};
		4C23B78A23D6060D007CAA55 /* Release */ = {
			isa = XCBuildConfiguration;
			buildSettings = {
				ASSETCATALOG_COMPILER_APPICON_NAME = AppIcon;
				CODE_SIGN_STYLE = Automatic;
				CURRENT_PROJECT_VERSION = 2;
				DEVELOPMENT_TEAM = GT94FFC924;
				FRAMEWORK_SEARCH_PATHS = (
					"$(inherited)",
					"$(PROJECT_DIR)/LaTAR\\ iOS/vendor",
					"$(PROJECT_DIR)/LaTAR\\ iOS/vendor",
					"$(PROJECT_DIR)/LaTAR\\ iOS/vendor",
					"$(PROJECT_DIR)/LaTAR\\ iOS/vendor",
				);
				INFOPLIST_FILE = "LaTAR iOS/Info.plist";
				LD_RUNPATH_SEARCH_PATHS = (
					"$(inherited)",
					"@executable_path/Frameworks",
				);
				MARKETING_VERSION = 1.0.2;
				PRODUCT_BUNDLE_IDENTIFIER = "com.healthyMedium.LaTAR-iOS";
				PRODUCT_NAME = "$(TARGET_NAME)";
				SWIFT_VERSION = 5.0;
				TARGETED_DEVICE_FAMILY = "1,2";
			};
			name = Release;
		};
/* End XCBuildConfiguration section */

/* Begin XCConfigurationList section */
		4C23B76C23D6060B007CAA55 /* Build configuration list for PBXProject "LaTAR iOS" */ = {
			isa = XCConfigurationList;
			buildConfigurations = (
				4C23B78623D6060D007CAA55 /* Debug */,
				4C23B78723D6060D007CAA55 /* Release */,
			);
			defaultConfigurationIsVisible = 0;
			defaultConfigurationName = Release;
		};
		4C23B78823D6060D007CAA55 /* Build configuration list for PBXNativeTarget "LaTAR iOS" */ = {
			isa = XCConfigurationList;
			buildConfigurations = (
				4C23B78923D6060D007CAA55 /* Debug */,
				4C23B78A23D6060D007CAA55 /* Release */,
			);
			defaultConfigurationIsVisible = 0;
			defaultConfigurationName = Release;
		};
/* End XCConfigurationList section */

/* Begin XCRemoteSwiftPackageReference section */
		4C23B7AF23D61F9E007CAA55 /* XCRemoteSwiftPackageReference "BlueSocket" */ = {
			isa = XCRemoteSwiftPackageReference;
			repositoryURL = "https://github.com/IBM-Swift/BlueSocket.git";
			requirement = {
				kind = upToNextMajorVersion;
				minimumVersion = 1.0.52;
			};
		};
/* End XCRemoteSwiftPackageReference section */

/* Begin XCSwiftPackageProductDependency section */
		4C23B7B023D61F9E007CAA55 /* Socket */ = {
			isa = XCSwiftPackageProductDependency;
			package = 4C23B7AF23D61F9E007CAA55 /* XCRemoteSwiftPackageReference "BlueSocket" */;
			productName = Socket;
		};
/* End XCSwiftPackageProductDependency section */

/* Begin XCVersionGroup section */
		4C23B77D23D6060B007CAA55 /* LaTAR_iOS.xcdatamodeld */ = {
			isa = XCVersionGroup;
			children = (
				4C23B77E23D6060B007CAA55 /* LaTAR_iOS.xcdatamodel */,
			);
			currentVersion = 4C23B77E23D6060B007CAA55 /* LaTAR_iOS.xcdatamodel */;
			path = LaTAR_iOS.xcdatamodeld;
			sourceTree = "<group>";
			versionGroupType = wrapper.xcdatamodel;
		};
/* End XCVersionGroup section */
	};
	rootObject = 4C23B76923D6060B007CAA55 /* Project object */;
}
